
Microsoft Visual Studio Solution File, Format Version 12.00
# Visual Studio Version 17
VisualStudioVersion = 17.3.32922.545
MinimumVisualStudioVersion = 10.0.40219.1
Project("{FAE04EC0-301F-11D3-BF4B-00C04F79EFBC}") = "WebApplication9", "WebApplication9\WebApplication9.csproj", "{4F0A5F5A-2CC4-470E-8D38-D00FB6869928}"
EndProject
Global
	GlobalSection(SolutionConfigurationPlatforms) = preSolution
		Debug|Any CPU = Debug|Any CPU
		Release|Any CPU = Release|Any CPU
	EndGlobalSection
	GlobalSection(ProjectConfigurationPlatforms) = postSolution
		{4F0A5F5A-2CC4-470E-8D38-D00FB6869928}.Debug|Any CPU.ActiveCfg = Debug|Any CPU
		{4F0A5F5A-2CC4-470E-8D38-D00FB6869928}.Debug|Any CPU.Build.0 = Debug|Any CPU
		{4F0A5F5A-2CC4-470E-8D38-D00FB6869928}.Release|Any CPU.ActiveCfg = Release|Any CPU
		{4F0A5F5A-2CC4-470E-8D38-D00FB6869928}.Release|Any CPU.Build.0 = Release|Any CPU
	EndGlobalSection
	GlobalSection(SolutionProperties) = preSolution
		HideSolutionNode = FALSE
	EndGlobalSection
	GlobalSection(ExtensibilityGlobals) = postSolution
		SolutionGuid = {690C26D1-20C8-4F54-8F95-E889E3DEBC39}
	EndGlobalSection
EndGlobal
